
Microsoft Visual Studio Solution File, Format Version 12.00
# Visual Studio Version 17
VisualStudioVersion = 17.2.32630.192
MinimumVisualStudioVersion = 10.0.40219.1
Project("{9A19103F-16F7-4668-BE54-9A1E7A4F7556}") = "E-ticaret", "E-ticaret\E-ticaret.csproj", "{8E18C0E0-959B-4D56-8BD3-67391EED16DE}"
EndProject
Project("{2150E333-8FDC-42A3-9474-1A3956D46DE8}") = "Solution Items", "Solution Items", "{AEB88311-5F50-4865-BC77-958F0B87EB8B}"
	ProjectSection(SolutionItems) = preProject
		.editorconfig = .editorconfig
	EndProjectSection
EndProject
Global
	GlobalSection(SolutionConfigurationPlatforms) = preSolution
		Debug|Any CPU = Debug|Any CPU
		E-ticaret|Any CPU = E-ticaret|Any CPU
		Release|Any CPU = Release|Any CPU
	EndGlobalSection
	GlobalSection(ProjectConfigurationPlatforms) = postSolution
		{8E18C0E0-959B-4D56-8BD3-67391EED16DE}.Debug|Any CPU.ActiveCfg = Debug|Any CPU
		{8E18C0E0-959B-4D56-8BD3-67391EED16DE}.Debug|Any CPU.Build.0 = Debug|Any CPU
		{8E18C0E0-959B-4D56-8BD3-67391EED16DE}.E-ticaret|Any CPU.ActiveCfg = E-ticaret|Any CPU
		{8E18C0E0-959B-4D56-8BD3-67391EED16DE}.E-ticaret|Any CPU.Build.0 = E-ticaret|Any CPU
		{8E18C0E0-959B-4D56-8BD3-67391EED16DE}.Release|Any CPU.ActiveCfg = Release|Any CPU
		{8E18C0E0-959B-4D56-8BD3-67391EED16DE}.Release|Any CPU.Build.0 = Release|Any CPU
	EndGlobalSection
	GlobalSection(SolutionProperties) = preSolution
		HideSolutionNode = FALSE
	EndGlobalSection
	GlobalSection(ExtensibilityGlobals) = postSolution
		SolutionGuid = {295CD804-C790-4AF6-A958-023389FFBA9C}
	EndGlobalSection
EndGlobal
